// !$*UTF8*$!
{
	archiveVersion = 1;
	classes = {
	};
	objectVersion = 56;
	objects = {

/* Begin PBXBuildFile section */
		CE9868A12CBA188C00F940D3 /* DemExam_UshakovaApp.swift in Sources */ = {isa = PBXBuildFile; fileRef = CE9868A02CBA188C00F940D3 /* DemExam_UshakovaApp.swift */; };
		CE9868A32CBA188C00F940D3 /* ContentView.swift in Sources */ = {isa = PBXBuildFile; fileRef = CE9868A22CBA188C00F940D3 /* ContentView.swift */; };
		CE9868A52CBA188E00F940D3 /* Assets.xcassets in Resources */ = {isa = PBXBuildFile; fileRef = CE9868A42CBA188E00F940D3 /* Assets.xcassets */; };
		CE9868A82CBA188E00F940D3 /* Preview Assets.xcassets in Resources */ = {isa = PBXBuildFile; fileRef = CE9868A72CBA188E00F940D3 /* Preview Assets.xcassets */; };
		CE9868B22CBA188E00F940D3 /* DemExam_UshakovaTests.swift in Sources */ = {isa = PBXBuildFile; fileRef = CE9868B12CBA188E00F940D3 /* DemExam_UshakovaTests.swift */; };
		CE9868BC2CBA188E00F940D3 /* DemExam_UshakovaUITests.swift in Sources */ = {isa = PBXBuildFile; fileRef = CE9868BB2CBA188E00F940D3 /* DemExam_UshakovaUITests.swift */; };
		CE9868BE2CBA188E00F940D3 /* DemExam_UshakovaUITestsLaunchTests.swift in Sources */ = {isa = PBXBuildFile; fileRef = CE9868BD2CBA188E00F940D3 /* DemExam_UshakovaUITestsLaunchTests.swift */; };
/* End PBXBuildFile section */

/* Begin PBXContainerItemProxy section */
		CE9868AE2CBA188E00F940D3 /* PBXContainerItemProxy */ = {
			isa = PBXContainerItemProxy;
			containerPortal = CE9868952CBA188C00F940D3 /* Project object */;
			proxyType = 1;
			remoteGlobalIDString = CE98689C2CBA188C00F940D3;
			remoteInfo = DemExam_Ushakova;
		};
		CE9868B82CBA188E00F940D3 /* PBXContainerItemProxy */ = {
			isa = PBXContainerItemProxy;
			containerPortal = CE9868952CBA188C00F940D3 /* Project object */;
			proxyType = 1;
			remoteGlobalIDString = CE98689C2CBA188C00F940D3;
			remoteInfo = DemExam_Ushakova;
		};
/* End PBXContainerItemProxy section */

/* Begin PBXFileReference section */
		CE98689D2CBA188C00F940D3 /* DemExam_Ushakova.app */ = {isa = PBXFileReference; explicitFileType = wrapper.application; includeInIndex = 0; path = DemExam_Ushakova.app; sourceTree = BUILT_PRODUCTS_DIR; };
		CE9868A02CBA188C00F940D3 /* DemExam_UshakovaApp.swift */ = {isa = PBXFileReference; lastKnownFileType = sourcecode.swift; path = DemExam_UshakovaApp.swift; sourceTree = "<group>"; };
		CE9868A22CBA188C00F940D3 /* ContentView.swift */ = {isa = PBXFileReference; lastKnownFileType = sourcecode.swift; path = ContentView.swift; sourceTree = "<group>"; };
		CE9868A42CBA188E00F940D3 /* Assets.xcassets */ = {isa = PBXFileReference; lastKnownFileType = folder.assetcatalog; path = Assets.xcassets; sourceTree = "<group>"; };
		CE9868A72CBA188E00F940D3 /* Preview Assets.xcassets */ = {isa = PBXFileReference; lastKnownFileType = folder.assetcatalog; path = "Preview Assets.xcassets"; sourceTree = "<group>"; };
		CE9868AD2CBA188E00F940D3 /* DemExam_UshakovaTests.xctest */ = {isa = PBXFileReference; explicitFileType = wrapper.cfbundle; includeInIndex = 0; path = DemExam_UshakovaTests.xctest; sourceTree = BUILT_PRODUCTS_DIR; };
		CE9868B12CBA188E00F940D3 /* DemExam_UshakovaTests.swift */ = {isa = PBXFileReference; lastKnownFileType = sourcecode.swift; path = DemExam_UshakovaTests.swift; sourceTree = "<group>"; };
		CE9868B72CBA188E00F940D3 /* DemExam_UshakovaUITests.xctest */ = {isa = PBXFileReference; explicitFileType = wrapper.cfbundle; includeInIndex = 0; path = DemExam_UshakovaUITests.xctest; sourceTree = BUILT_PRODUCTS_DIR; };
		CE9868BB2CBA188E00F940D3 /* DemExam_UshakovaUITests.swift */ = {isa = PBXFileReference; lastKnownFileType = sourcecode.swift; path = DemExam_UshakovaUITests.swift; sourceTree = "<group>"; };
		CE9868BD2CBA188E00F940D3 /* DemExam_UshakovaUITestsLaunchTests.swift */ = {isa = PBXFileReference; lastKnownFileType = sourcecode.swift; path = DemExam_UshakovaUITestsLaunchTests.swift; sourceTree = "<group>"; };
/* End PBXFileReference section */

/* Begin PBXFrameworksBuildPhase section */
		CE98689A2CBA188C00F940D3 /* Frameworks */ = {
			isa = PBXFrameworksBuildPhase;
			buildActionMask = 2147483647;
			files = (
			);
			runOnlyForDeploymentPostprocessing = 0;
		};
		CE9868AA2CBA188E00F940D3 /* Frameworks */ = {
			isa = PBXFrameworksBuildPhase;
			buildActionMask = 2147483647;
			files = (
			);
			runOnlyForDeploymentPostprocessing = 0;
		};
		CE9868B42CBA188E00F940D3 /* Frameworks */ = {
			isa = PBXFrameworksBuildPhase;
			buildActionMask = 2147483647;
			files = (
			);
			runOnlyForDeploymentPostprocessing = 0;
		};
/* End PBXFrameworksBuildPhase section */

/* Begin PBXGroup section */
		CE9868942CBA188C00F940D3 = {
			isa = PBXGroup;
			children = (
				CE98689F2CBA188C00F940D3 /* DemExam_Ushakova */,
				CE9868B02CBA188E00F940D3 /* DemExam_UshakovaTests */,
				CE9868BA2CBA188E00F940D3 /* DemExam_UshakovaUITests */,
				CE98689E2CBA188C00F940D3 /* Products */,
			);
			sourceTree = "<group>";
		};
		CE98689E2CBA188C00F940D3 /* Products */ = {
			isa = PBXGroup;
			children = (
				CE98689D2CBA188C00F940D3 /* DemExam_Ushakova.app */,
				CE9868AD2CBA188E00F940D3 /* DemExam_UshakovaTests.xctest */,
				CE9868B72CBA188E00F940D3 /* DemExam_UshakovaUITests.xctest */,
			);
			name = Products;
			sourceTree = "<group>";
		};
		CE98689F2CBA188C00F940D3 /* DemExam_Ushakova */ = {
			isa = PBXGroup;
			children = (
				CE9868A02CBA188C00F940D3 /* DemExam_UshakovaApp.swift */,
				CE9868A22CBA188C00F940D3 /* ContentView.swift */,
				CE9868A42CBA188E00F940D3 /* Assets.xcassets */,
				CE9868A62CBA188E00F940D3 /* Preview Content */,
			);
			path = DemExam_Ushakova;
			sourceTree = "<group>";
		};
		CE9868A62CBA188E00F940D3 /* Preview Content */ = {
			isa = PBXGroup;
			children = (
				CE9868A72CBA188E00F940D3 /* Preview Assets.xcassets */,
			);
			path = "Preview Content";
			sourceTree = "<group>";
		};
		CE9868B02CBA188E00F940D3 /* DemExam_UshakovaTests */ = {
			isa = PBXGroup;
			children = (
				CE9868B12CBA188E00F940D3 /* DemExam_UshakovaTests.swift */,
			);
			path = DemExam_UshakovaTests;
			sourceTree = "<group>";
		};
		CE9868BA2CBA188E00F940D3 /* DemExam_UshakovaUITests */ = {
			isa = PBXGroup;
			children = (
				CE9868BB2CBA188E00F940D3 /* DemExam_UshakovaUITests.swift */,
				CE9868BD2CBA188E00F940D3 /* DemExam_UshakovaUITestsLaunchTests.swift */,
			);
			path = DemExam_UshakovaUITests;
			sourceTree = "<group>";
		};
/* End PBXGroup section */

/* Begin PBXNativeTarget section */
		CE98689C2CBA188C00F940D3 /* DemExam_Ushakova */ = {
			isa = PBXNativeTarget;
			buildConfigurationList = CE9868C12CBA188E00F940D3 /* Build configuration list for PBXNativeTarget "DemExam_Ushakova" */;
			buildPhases = (
				CE9868992CBA188C00F940D3 /* Sources */,
				CE98689A2CBA188C00F940D3 /* Frameworks */,
				CE98689B2CBA188C00F940D3 /* Resources */,
			);
			buildRules = (
			);
			dependencies = (
			);
			name = DemExam_Ushakova;
			productName = DemExam_Ushakova;
			productReference = CE98689D2CBA188C00F940D3 /* DemExam_Ushakova.app */;
			productType = "com.apple.product-type.application";
		};
		CE9868AC2CBA188E00F940D3 /* DemExam_UshakovaTests */ = {
			isa = PBXNativeTarget;
			buildConfigurationList = CE9868C42CBA188E00F940D3 /* Build configuration list for PBXNativeTarget "DemExam_UshakovaTests" */;
			buildPhases = (
				CE9868A92CBA188E00F940D3 /* Sources */,
				CE9868AA2CBA188E00F940D3 /* Frameworks */,
				CE9868AB2CBA188E00F940D3 /* Resources */,
			);
			buildRules = (
			);
			dependencies = (
				CE9868AF2CBA188E00F940D3 /* PBXTargetDependency */,
			);
			name = DemExam_UshakovaTests;
			productName = DemExam_UshakovaTests;
			productReference = CE9868AD2CBA188E00F940D3 /* DemExam_UshakovaTests.xctest */;
			productType = "com.apple.product-type.bundle.unit-test";
		};
		CE9868B62CBA188E00F940D3 /* DemExam_UshakovaUITests */ = {
			isa = PBXNativeTarget;
			buildConfigurationList = CE9868C72CBA188E00F940D3 /* Build configuration list for PBXNativeTarget "DemExam_UshakovaUITests" */;
			buildPhases = (
				CE9868B32CBA188E00F940D3 /* Sources */,
				CE9868B42CBA188E00F940D3 /* Frameworks */,
				CE9868B52CBA188E00F940D3 /* Resources */,
			);
			buildRules = (
			);
			dependencies = (
				CE9868B92CBA188E00F940D3 /* PBXTargetDependency */,
			);
			name = DemExam_UshakovaUITests;
			productName = DemExam_UshakovaUITests;
			productReference = CE9868B72CBA188E00F940D3 /* DemExam_UshakovaUITests.xctest */;
			productType = "com.apple.product-type.bundle.ui-testing";
		};
/* End PBXNativeTarget section */

/* Begin PBXProject section */
		CE9868952CBA188C00F940D3 /* Project object */ = {
			isa = PBXProject;
			attributes = {
				BuildIndependentTargetsInParallel = 1;
				LastSwiftUpdateCheck = 1520;
				LastUpgradeCheck = 1520;
				TargetAttributes = {
					CE98689C2CBA188C00F940D3 = {
						CreatedOnToolsVersion = 15.2;
					};
					CE9868AC2CBA188E00F940D3 = {
						CreatedOnToolsVersion = 15.2;
						TestTargetID = CE98689C2CBA188C00F940D3;
					};
					CE9868B62CBA188E00F940D3 = {
						CreatedOnToolsVersion = 15.2;
						TestTargetID = CE98689C2CBA188C00F940D3;
					};
				};
			};
			buildConfigurationList = CE9868982CBA188C00F940D3 /* Build configuration list for PBXProject "DemExam_Ushakova" */;
			compatibilityVersion = "Xcode 14.0";
			developmentRegion = en;
			hasScannedForEncodings = 0;
			knownRegions = (
				en,
				Base,
			);
			mainGroup = CE9868942CBA188C00F940D3;
			productRefGroup = CE98689E2CBA188C00F940D3 /* Products */;
			projectDirPath = "";
			projectRoot = "";
			targets = (
				CE98689C2CBA188C00F940D3 /* DemExam_Ushakova */,
				CE9868AC2CBA188E00F940D3 /* DemExam_UshakovaTests */,
				CE9868B62CBA188E00F940D3 /* DemExam_UshakovaUITests */,
			);
		};
/* End PBXProject section */

/* Begin PBXResourcesBuildPhase section */
		CE98689B2CBA188C00F940D3 /* Resources */ = {
			isa = PBXResourcesBuildPhase;
			buildActionMask = 2147483647;
			files = (
				CE9868A82CBA188E00F940D3 /* Preview Assets.xcassets in Resources */,
				CE9868A52CBA188E00F940D3 /* Assets.xcassets in Resources */,
			);
			runOnlyForDeploymentPostprocessing = 0;
		};
		CE9868AB2CBA188E00F940D3 /* Resources */ = {
			isa = PBXResourcesBuildPhase;
			buildActionMask = 2147483647;
			files = (
			);
			runOnlyForDeploymentPostprocessing = 0;
		};
		CE9868B52CBA188E00F940D3 /* Resources */ = {
			isa = PBXResourcesBuildPhase;
			buildActionMask = 2147483647;
			files = (
			);
			runOnlyForDeploymentPostprocessing = 0;
		};
/* End PBXResourcesBuildPhase section */

/* Begin PBXSourcesBuildPhase section */
		CE9868992CBA188C00F940D3 /* Sources */ = {
			isa = PBXSourcesBuildPhase;
			buildActionMask = 2147483647;
			files = (
				CE9868A32CBA188C00F940D3 /* ContentView.swift in Sources */,
				CE9868A12CBA188C00F940D3 /* DemExam_UshakovaApp.swift in Sources */,
			);
			runOnlyForDeploymentPostprocessing = 0;
		};
		CE9868A92CBA188E00F940D3 /* Sources */ = {
			isa = PBXSourcesBuildPhase;
			buildActionMask = 2147483647;
			files = (
				CE9868B22CBA188E00F940D3 /* DemExam_UshakovaTests.swift in Sources */,
			);
			runOnlyForDeploymentPostprocessing = 0;
		};
		CE9868B32CBA188E00F940D3 /* Sources */ = {
			isa = PBXSourcesBuildPhase;
			buildActionMask = 2147483647;
			files = (
				CE9868BE2CBA188E00F940D3 /* DemExam_UshakovaUITestsLaunchTests.swift in Sources */,
				CE9868BC2CBA188E00F940D3 /* DemExam_UshakovaUITests.swift in Sources */,
			);
			runOnlyForDeploymentPostprocessing = 0;
		};
/* End PBXSourcesBuildPhase section */

/* Begin PBXTargetDependency section */
		CE9868AF2CBA188E00F940D3 /* PBXTargetDependency */ = {
			isa = PBXTargetDependency;
			target = CE98689C2CBA188C00F940D3 /* DemExam_Ushakova */;
			targetProxy = CE9868AE2CBA188E00F940D3 /* PBXContainerItemProxy */;
		};
		CE9868B92CBA188E00F940D3 /* PBXTargetDependency */ = {
			isa = PBXTargetDependency;
			target = CE98689C2CBA188C00F940D3 /* DemExam_Ushakova */;
			targetProxy = CE9868B82CBA188E00F940D3 /* PBXContainerItemProxy */;
		};
/* End PBXTargetDependency section */

/* Begin XCBuildConfiguration section */
		CE9868BF2CBA188E00F940D3 /* Debug */ = {
			isa = XCBuildConfiguration;
			buildSettings = {
				ALWAYS_SEARCH_USER_PATHS = NO;
				ASSETCATALOG_COMPILER_GENERATE_SWIFT_ASSET_SYMBOL_EXTENSIONS = YES;
				CLANG_ANALYZER_NONNULL = YES;
				CLANG_ANALYZER_NUMBER_OBJECT_CONVERSION = YES_AGGRESSIVE;
				CLANG_CXX_LANGUAGE_STANDARD = "gnu++20";
				CLANG_ENABLE_MODULES = YES;
				CLANG_ENABLE_OBJC_ARC = YES;
				CLANG_ENABLE_OBJC_WEAK = YES;
				CLANG_WARN_BLOCK_CAPTURE_AUTORELEASING = YES;
				CLANG_WARN_BOOL_CONVERSION = YES;
				CLANG_WARN_COMMA = YES;
				CLANG_WARN_CONSTANT_CONVERSION = YES;
				CLANG_WARN_DEPRECATED_OBJC_IMPLEMENTATIONS = YES;
				CLANG_WARN_DIRECT_OBJC_ISA_USAGE = YES_ERROR;
				CLANG_WARN_DOCUMENTATION_COMMENTS = YES;
				CLANG_WARN_EMPTY_BODY = YES;
				CLANG_WARN_ENUM_CONVERSION = YES;
				CLANG_WARN_INFINITE_RECURSION = YES;
				CLANG_WARN_INT_CONVERSION = YES;
				CLANG_WARN_NON_LITERAL_NULL_CONVERSION = YES;
				CLANG_WARN_OBJC_IMPLICIT_RETAIN_SELF = YES;
				CLANG_WARN_OBJC_LITERAL_CONVERSION = YES;
				CLANG_WARN_OBJC_ROOT_CLASS = YES_ERROR;
				CLANG_WARN_QUOTED_INCLUDE_IN_FRAMEWORK_HEADER = YES;
				CLANG_WARN_RANGE_LOOP_ANALYSIS = YES;
				CLANG_WARN_STRICT_PROTOTYPES = YES;
				CLANG_WARN_SUSPICIOUS_MOVE = YES;
				CLANG_WARN_UNGUARDED_AVAILABILITY = YES_AGGRESSIVE;
				CLANG_WARN_UNREACHABLE_CODE = YES;
				CLANG_WARN__DUPLICATE_METHOD_MATCH = YES;
				COPY_PHASE_STRIP = NO;
				DEBUG_INFORMATION_FORMAT = dwarf;
				ENABLE_STRICT_OBJC_MSGSEND = YES;
				ENABLE_TESTABILITY = YES;
				ENABLE_USER_SCRIPT_SANDBOXING = YES;
				GCC_C_LANGUAGE_STANDARD = gnu17;
				GCC_DYNAMIC_NO_PIC = NO;
				GCC_NO_COMMON_BLOCKS = YES;
				GCC_OPTIMIZATION_LEVEL = 0;
				GCC_PREPROCESSOR_DEFINITIONS = (
					"DEBUG=1",
					"$(inherited)",
				);
				GCC_WARN_64_TO_32_BIT_CONVERSION = YES;
				GCC_WARN_ABOUT_RETURN_TYPE = YES_ERROR;
				GCC_WARN_UNDECLARED_SELECTOR = YES;
				GCC_WARN_UNINITIALIZED_AUTOS = YES_AGGRESSIVE;
				GCC_WARN_UNUSED_FUNCTION = YES;
				GCC_WARN_UNUSED_VARIABLE = YES;
				IPHONEOS_DEPLOYMENT_TARGET = 17.2;
				LOCALIZATION_PREFERS_STRING_CATALOGS = YES;
				MTL_ENABLE_DEBUG_INFO = INCLUDE_SOURCE;
				MTL_FAST_MATH = YES;
				ONLY_ACTIVE_ARCH = YES;
				SDKROOT = iphoneos;
				SWIFT_ACTIVE_COMPILATION_CONDITIONS = "DEBUG $(inherited)";
				SWIFT_OPTIMIZATION_LEVEL = "-Onone";
			};
			name = Debug;
		};
		CE9868C02CBA188E00F940D3 /* Release */ = {
			isa = XCBuildConfiguration;
			buildSettings = {
				ALWAYS_SEARCH_USER_PATHS = NO;
				ASSETCATALOG_COMPILER_GENERATE_SWIFT_ASSET_SYMBOL_EXTENSIONS = YES;
				CLANG_ANALYZER_NONNULL = YES;
				CLANG_ANALYZER_NUMBER_OBJECT_CONVERSION = YES_AGGRESSIVE;
				CLANG_CXX_LANGUAGE_STANDARD = "gnu++20";
				CLANG_ENABLE_MODULES = YES;
				CLANG_ENABLE_OBJC_ARC = YES;
				CLANG_ENABLE_OBJC_WEAK = YES;
				CLANG_WARN_BLOCK_CAPTURE_AUTORELEASING = YES;
				CLANG_WARN_BOOL_CONVERSION = YES;
				CLANG_WARN_COMMA = YES;
				CLANG_WARN_CONSTANT_CONVERSION = YES;
				CLANG_WARN_DEPRECATED_OBJC_IMPLEMENTATIONS = YES;
				CLANG_WARN_DIRECT_OBJC_ISA_USAGE = YES_ERROR;
				CLANG_WARN_DOCUMENTATION_COMMENTS = YES;
				CLANG_WARN_EMPTY_BODY = YES;
				CLANG_WARN_ENUM_CONVERSION = YES;
				CLANG_WARN_INFINITE_RECURSION = YES;
				CLANG_WARN_INT_CONVERSION = YES;
				CLANG_WARN_NON_LITERAL_NULL_CONVERSION = YES;
				CLANG_WARN_OBJC_IMPLICIT_RETAIN_SELF = YES;
				CLANG_WARN_OBJC_LITERAL_CONVERSION = YES;
				CLANG_WARN_OBJC_ROOT_CLASS = YES_ERROR;
				CLANG_WARN_QUOTED_INCLUDE_IN_FRAMEWORK_HEADER = YES;
				CLANG_WARN_RANGE_LOOP_ANALYSIS = YES;
				CLANG_WARN_STRICT_PROTOTYPES = YES;
				CLANG_WARN_SUSPICIOUS_MOVE = YES;
				CLANG_WARN_UNGUARDED_AVAILABILITY = YES_AGGRESSIVE;
				CLANG_WARN_UNREACHABLE_CODE = YES;
				CLANG_WARN__DUPLICATE_METHOD_MATCH = YES;
				COPY_PHASE_STRIP = NO;
				DEBUG_INFORMATION_FORMAT = "dwarf-with-dsym";
				ENABLE_NS_ASSERTIONS = NO;
				ENABLE_STRICT_OBJC_MSGSEND = YES;
				ENABLE_USER_SCRIPT_SANDBOXING = YES;
				GCC_C_LANGUAGE_STANDARD = gnu17;
				GCC_NO_COMMON_BLOCKS = YES;
				GCC_WARN_64_TO_32_BIT_CONVERSION = YES;
				GCC_WARN_ABOUT_RETURN_TYPE = YES_ERROR;
				GCC_WARN_UNDECLARED_SELECTOR = YES;
				GCC_WARN_UNINITIALIZED_AUTOS = YES_AGGRESSIVE;
				GCC_WARN_UNUSED_FUNCTION = YES;
				GCC_WARN_UNUSED_VARIABLE = YES;
				IPHONEOS_DEPLOYMENT_TARGET = 17.2;
				LOCALIZATION_PREFERS_STRING_CATALOGS = YES;
				MTL_ENABLE_DEBUG_INFO = NO;
				MTL_FAST_MATH = YES;
				SDKROOT = iphoneos;
				SWIFT_COMPILATION_MODE = wholemodule;
				VALIDATE_PRODUCT = YES;
			};
			name = Release;
		};
		CE9868C22CBA188E00F940D3 /* Debug */ = {
			isa = XCBuildConfiguration;
			buildSettings = {
				ASSETCATALOG_COMPILER_APPICON_NAME = AppIcon;
				ASSETCATALOG_COMPILER_GLOBAL_ACCENT_COLOR_NAME = AccentColor;
				CODE_SIGN_STYLE = Automatic;
				CURRENT_PROJECT_VERSION = 1;
				DEVELOPMENT_ASSET_PATHS = "\"DemExam_Ushakova/Preview Content\"";
				ENABLE_PREVIEWS = YES;
				GENERATE_INFOPLIST_FILE = YES;
				INFOPLIST_KEY_UIApplicationSceneManifest_Generation = YES;
				INFOPLIST_KEY_UIApplicationSupportsIndirectInputEvents = YES;
				INFOPLIST_KEY_UILaunchScreen_Generation = YES;
				INFOPLIST_KEY_UISupportedInterfaceOrientations_iPad = "UIInterfaceOrientationPortrait UIInterfaceOrientationPortraitUpsideDown UIInterfaceOrientationLandscapeLeft UIInterfaceOrientationLandscapeRight";
				INFOPLIST_KEY_UISupportedInterfaceOrientations_iPhone = "UIInterfaceOrientationPortrait UIInterfaceOrientationLandscapeLeft UIInterfaceOrientationLandscapeRight";
				LD_RUNPATH_SEARCH_PATHS = (
					"$(inherited)",
					"@executable_path/Frameworks",
				);
				MARKETING_VERSION = 1.0;
				PRODUCT_BUNDLE_IDENTIFIER = "a.DemExam-Ushakova";
				PRODUCT_NAME = "$(TARGET_NAME)";
				SWIFT_EMIT_LOC_STRINGS = YES;
				SWIFT_VERSION = 5.0;
				TARGETED_DEVICE_FAMILY = "1,2";
			};
			name = Debug;
		};
		CE9868C32CBA188E00F940D3 /* Release */ = {
			isa = XCBuildConfiguration;
			buildSettings = {
				ASSETCATALOG_COMPILER_APPICON_NAME = AppIcon;
				ASSETCATALOG_COMPILER_GLOBAL_ACCENT_COLOR_NAME = AccentColor;
				CODE_SIGN_STYLE = Automatic;
				CURRENT_PROJECT_VERSION = 1;
				DEVELOPMENT_ASSET_PATHS = "\"DemExam_Ushakova/Preview Content\"";
				ENABLE_PREVIEWS = YES;
				GENERATE_INFOPLIST_FILE = YES;
				INFOPLIST_KEY_UIApplicationSceneManifest_Generation = YES;
				INFOPLIST_KEY_UIApplicationSupportsIndirectInputEvents = YES;
				INFOPLIST_KEY_UILaunchScreen_Generation = YES;
				INFOPLIST_KEY_UISupportedInterfaceOrientations_iPad = "UIInterfaceOrientationPortrait UIInterfaceOrientationPortraitUpsideDown UIInterfaceOrientationLandscapeLeft UIInterfaceOrientationLandscapeRight";
				INFOPLIST_KEY_UISupportedInterfaceOrientations_iPhone = "UIInterfaceOrientationPortrait UIInterfaceOrientationLandscapeLeft UIInterfaceOrientationLandscapeRight";
				LD_RUNPATH_SEARCH_PATHS = (
					"$(inherited)",
					"@executable_path/Frameworks",
				);
				MARKETING_VERSION = 1.0;
				PRODUCT_BUNDLE_IDENTIFIER = "a.DemExam-Ushakova";
				PRODUCT_NAME = "$(TARGET_NAME)";
				SWIFT_EMIT_LOC_STRINGS = YES;
				SWIFT_VERSION = 5.0;
				TARGETED_DEVICE_FAMILY = "1,2";
			};
			name = Release;
		};
		CE9868C52CBA188E00F940D3 /* Debug */ = {
			isa = XCBuildConfiguration;
			buildSettings = {
				ALWAYS_EMBED_SWIFT_STANDARD_LIBRARIES = YES;
				BUNDLE_LOADER = "$(TEST_HOST)";
				CODE_SIGN_STYLE = Automatic;
				CURRENT_PROJECT_VERSION = 1;
				GENERATE_INFOPLIST_FILE = YES;
				IPHONEOS_DEPLOYMENT_TARGET = 17.2;
				MARKETING_VERSION = 1.0;
				PRODUCT_BUNDLE_IDENTIFIER = "a.DemExam-UshakovaTests";
				PRODUCT_NAME = "$(TARGET_NAME)";
				SWIFT_EMIT_LOC_STRINGS = NO;
				SWIFT_VERSION = 5.0;
				TARGETED_DEVICE_FAMILY = "1,2";
				TEST_HOST = "$(BUILT_PRODUCTS_DIR)/DemExam_Ushakova.app/$(BUNDLE_EXECUTABLE_FOLDER_PATH)/DemExam_Ushakova";
			};
			name = Debug;
		};
		CE9868C62CBA188E00F940D3 /* Release */ = {
			isa = XCBuildConfiguration;
			buildSettings = {
				ALWAYS_EMBED_SWIFT_STANDARD_LIBRARIES = YES;
				BUNDLE_LOADER = "$(TEST_HOST)";
				CODE_SIGN_STYLE = Automatic;
				CURRENT_PROJECT_VERSION = 1;
				GENERATE_INFOPLIST_FILE = YES;
				IPHONEOS_DEPLOYMENT_TARGET = 17.2;
				MARKETING_VERSION = 1.0;
				PRODUCT_BUNDLE_IDENTIFIER = "a.DemExam-UshakovaTests";
				PRODUCT_NAME = "$(TARGET_NAME)";
				SWIFT_EMIT_LOC_STRINGS = NO;
				SWIFT_VERSION = 5.0;
				TARGETED_DEVICE_FAMILY = "1,2";
				TEST_HOST = "$(BUILT_PRODUCTS_DIR)/DemExam_Ushakova.app/$(BUNDLE_EXECUTABLE_FOLDER_PATH)/DemExam_Ushakova";
			};
			name = Release;
		};
		CE9868C82CBA188E00F940D3 /* Debug */ = {
			isa = XCBuildConfiguration;
			buildSettings = {
				ALWAYS_EMBED_SWIFT_STANDARD_LIBRARIES = YES;
				CODE_SIGN_STYLE = Automatic;
				CURRENT_PROJECT_VERSION = 1;
				GENERATE_INFOPLIST_FILE = YES;
				MARKETING_VERSION = 1.0;
				PRODUCT_BUNDLE_IDENTIFIER = "a.DemExam-UshakovaUITests";
				PRODUCT_NAME = "$(TARGET_NAME)";
				SWIFT_EMIT_LOC_STRINGS = NO;
				SWIFT_VERSION = 5.0;
				TARGETED_DEVICE_FAMILY = "1,2";
				TEST_TARGET_NAME = DemExam_Ushakova;
			};
			name = Debug;
		};
		CE9868C92CBA188E00F940D3 /* Release */ = {
			isa = XCBuildConfiguration;
			buildSettings = {
				ALWAYS_EMBED_SWIFT_STANDARD_LIBRARIES = YES;
				CODE_SIGN_STYLE = Automatic;
				CURRENT_PROJECT_VERSION = 1;
				GENERATE_INFOPLIST_FILE = YES;
				MARKETING_VERSION = 1.0;
				PRODUCT_BUNDLE_IDENTIFIER = "a.DemExam-UshakovaUITests";
				PRODUCT_NAME = "$(TARGET_NAME)";
				SWIFT_EMIT_LOC_STRINGS = NO;
				SWIFT_VERSION = 5.0;
				TARGETED_DEVICE_FAMILY = "1,2";
				TEST_TARGET_NAME = DemExam_Ushakova;
			};
			name = Release;
		};
/* End XCBuildConfiguration section */

/* Begin XCConfigurationList section */
		CE9868982CBA188C00F940D3 /* Build configuration list for PBXProject "DemExam_Ushakova" */ = {
			isa = XCConfigurationList;
			buildConfigurations = (
				CE9868BF2CBA188E00F940D3 /* Debug */,
				CE9868C02CBA188E00F940D3 /* Release */,
			);
			defaultConfigurationIsVisible = 0;
			defaultConfigurationName = Release;
		};
		CE9868C12CBA188E00F940D3 /* Build configuration list for PBXNativeTarget "DemExam_Ushakova" */ = {
			isa = XCConfigurationList;
			buildConfigurations = (
				CE9868C22CBA188E00F940D3 /* Debug */,
				CE9868C32CBA188E00F940D3 /* Release */,
			);
			defaultConfigurationIsVisible = 0;
			defaultConfigurationName = Release;
		};
		CE9868C42CBA188E00F940D3 /* Build configuration list for PBXNativeTarget "DemExam_UshakovaTests" */ = {
			isa = XCConfigurationList;
			buildConfigurations = (
				CE9868C52CBA188E00F940D3 /* Debug */,
				CE9868C62CBA188E00F940D3 /* Release */,
			);
			defaultConfigurationIsVisible = 0;
			defaultConfigurationName = Release;
		};
		CE9868C72CBA188E00F940D3 /* Build configuration list for PBXNativeTarget "DemExam_UshakovaUITests" */ = {
			isa = XCConfigurationList;
			buildConfigurations = (
				CE9868C82CBA188E00F940D3 /* Debug */,
				CE9868C92CBA188E00F940D3 /* Release */,
			);
			defaultConfigurationIsVisible = 0;
			defaultConfigurationName = Release;
		};
/* End XCConfigurationList section */
	};
	rootObject = CE9868952CBA188C00F940D3 /* Project object */;
}
